// !$*UTF8*$!
{
	archiveVersion = 1;
	classes = {
	};
	objectVersion = 56;
	objects = {

/* Begin PBXBuildFile section */
		DE50312629AF685400AFD3FB /* Network.swift in Sources */ = {isa = PBXBuildFile; fileRef = DE50312529AF685400AFD3FB /* Network.swift */; };
		DE5AA84229AD4D050036194A /* AppDelegate.swift in Sources */ = {isa = PBXBuildFile; fileRef = DE5AA84129AD4D050036194A /* AppDelegate.swift */; };
		DE5AA84429AD4D050036194A /* SceneDelegate.swift in Sources */ = {isa = PBXBuildFile; fileRef = DE5AA84329AD4D050036194A /* SceneDelegate.swift */; };
		DE5AA84629AD4D050036194A /* MainVC.swift in Sources */ = {isa = PBXBuildFile; fileRef = DE5AA84529AD4D050036194A /* MainVC.swift */; };
		DE5AA84929AD4D050036194A /* Main.storyboard in Resources */ = {isa = PBXBuildFile; fileRef = DE5AA84729AD4D050036194A /* Main.storyboard */; };
		DE5AA84B29AD4D050036194A /* Assets.xcassets in Resources */ = {isa = PBXBuildFile; fileRef = DE5AA84A29AD4D050036194A /* Assets.xcassets */; };
		DE5AA84E29AD4D050036194A /* LaunchScreen.storyboard in Resources */ = {isa = PBXBuildFile; fileRef = DE5AA84C29AD4D050036194A /* LaunchScreen.storyboard */; };
		DEA8A80729AFAC1F00CCA53B /* Alamofire in Frameworks */ = {isa = PBXBuildFile; productRef = DEA8A80629AFAC1F00CCA53B /* Alamofire */; };
		DEA8A80929AFAFFA00CCA53B /* Latest.swift in Sources */ = {isa = PBXBuildFile; fileRef = DEA8A80829AFAFFA00CCA53B /* Latest.swift */; };
		DEA8A80B29AFB52C00CCA53B /* Endpoint.swift in Sources */ = {isa = PBXBuildFile; fileRef = DEA8A80A29AFB52C00CCA53B /* Endpoint.swift */; };
		DEA8A80D29AFB5FB00CCA53B /* Errors.swift in Sources */ = {isa = PBXBuildFile; fileRef = DEA8A80C29AFB5FB00CCA53B /* Errors.swift */; };
		DEA8A80F29AFBABD00CCA53B /* HomeManager.swift in Sources */ = {isa = PBXBuildFile; fileRef = DEA8A80E29AFBABD00CCA53B /* HomeManager.swift */; };
		DEA8A81129AFDC8F00CCA53B /* Info.swift in Sources */ = {isa = PBXBuildFile; fileRef = DEA8A81029AFDC8F00CCA53B /* Info.swift */; };
		DEA8A81429AFDE3A00CCA53B /* CoinCells.swift in Sources */ = {isa = PBXBuildFile; fileRef = DEA8A81229AFDE3A00CCA53B /* CoinCells.swift */; };
		DEA8A81529AFDE3A00CCA53B /* CoinCells.xib in Resources */ = {isa = PBXBuildFile; fileRef = DEA8A81329AFDE3A00CCA53B /* CoinCells.xib */; };
/* End PBXBuildFile section */

/* Begin PBXFileReference section */
		DE50312529AF685400AFD3FB /* Network.swift */ = {isa = PBXFileReference; lastKnownFileType = sourcecode.swift; path = Network.swift; sourceTree = "<group>"; };
		DE5AA83E29AD4D050036194A /* CryptoApp.app */ = {isa = PBXFileReference; explicitFileType = wrapper.application; includeInIndex = 0; path = CryptoApp.app; sourceTree = BUILT_PRODUCTS_DIR; };
		DE5AA84129AD4D050036194A /* AppDelegate.swift */ = {isa = PBXFileReference; lastKnownFileType = sourcecode.swift; path = AppDelegate.swift; sourceTree = "<group>"; };
		DE5AA84329AD4D050036194A /* SceneDelegate.swift */ = {isa = PBXFileReference; lastKnownFileType = sourcecode.swift; path = SceneDelegate.swift; sourceTree = "<group>"; };
		DE5AA84529AD4D050036194A /* MainVC.swift */ = {isa = PBXFileReference; lastKnownFileType = sourcecode.swift; path = MainVC.swift; sourceTree = "<group>"; };
		DE5AA84829AD4D050036194A /* Base */ = {isa = PBXFileReference; lastKnownFileType = file.storyboard; name = Base; path = Base.lproj/Main.storyboard; sourceTree = "<group>"; };
		DE5AA84A29AD4D050036194A /* Assets.xcassets */ = {isa = PBXFileReference; lastKnownFileType = folder.assetcatalog; path = Assets.xcassets; sourceTree = "<group>"; };
		DE5AA84D29AD4D050036194A /* Base */ = {isa = PBXFileReference; lastKnownFileType = file.storyboard; name = Base; path = Base.lproj/LaunchScreen.storyboard; sourceTree = "<group>"; };
		DE5AA84F29AD4D050036194A /* Info.plist */ = {isa = PBXFileReference; lastKnownFileType = text.plist.xml; path = Info.plist; sourceTree = "<group>"; };
		DEA8A80829AFAFFA00CCA53B /* Latest.swift */ = {isa = PBXFileReference; lastKnownFileType = sourcecode.swift; path = Latest.swift; sourceTree = "<group>"; };
		DEA8A80A29AFB52C00CCA53B /* Endpoint.swift */ = {isa = PBXFileReference; lastKnownFileType = sourcecode.swift; path = Endpoint.swift; sourceTree = "<group>"; };
		DEA8A80C29AFB5FB00CCA53B /* Errors.swift */ = {isa = PBXFileReference; lastKnownFileType = sourcecode.swift; path = Errors.swift; sourceTree = "<group>"; };
		DEA8A80E29AFBABD00CCA53B /* HomeManager.swift */ = {isa = PBXFileReference; lastKnownFileType = sourcecode.swift; path = HomeManager.swift; sourceTree = "<group>"; };
		DEA8A81029AFDC8F00CCA53B /* Info.swift */ = {isa = PBXFileReference; lastKnownFileType = sourcecode.swift; path = Info.swift; sourceTree = "<group>"; };
		DEA8A81229AFDE3A00CCA53B /* CoinCells.swift */ = {isa = PBXFileReference; lastKnownFileType = sourcecode.swift; path = CoinCells.swift; sourceTree = "<group>"; };
		DEA8A81329AFDE3A00CCA53B /* CoinCells.xib */ = {isa = PBXFileReference; lastKnownFileType = file.xib; path = CoinCells.xib; sourceTree = "<group>"; };
/* End PBXFileReference section */

/* Begin PBXFrameworksBuildPhase section */
		DE5AA83B29AD4D050036194A /* Frameworks */ = {
			isa = PBXFrameworksBuildPhase;
			buildActionMask = 2147483647;
			files = (
				DEA8A80729AFAC1F00CCA53B /* Alamofire in Frameworks */,
			);
			runOnlyForDeploymentPostprocessing = 0;
		};
/* End PBXFrameworksBuildPhase section */

/* Begin PBXGroup section */
		DE50312129AF682F00AFD3FB /* Model */ = {
			isa = PBXGroup;
			children = (
				DEA8A80829AFAFFA00CCA53B /* Latest.swift */,
				DEA8A81029AFDC8F00CCA53B /* Info.swift */,
			);
			path = Model;
			sourceTree = "<group>";
		};
		DE50312229AF683500AFD3FB /* View */ = {
			isa = PBXGroup;
			children = (
				DEA8A81229AFDE3A00CCA53B /* CoinCells.swift */,
				DEA8A81329AFDE3A00CCA53B /* CoinCells.xib */,
			);
			path = View;
			sourceTree = "<group>";
		};
		DE50312329AF683900AFD3FB /* Controller */ = {
			isa = PBXGroup;
			children = (
				DE5AA84529AD4D050036194A /* MainVC.swift */,
			);
			path = Controller;
			sourceTree = "<group>";
		};
		DE50312429AF684500AFD3FB /* Network Manager */ = {
			isa = PBXGroup;
			children = (
				DE50312529AF685400AFD3FB /* Network.swift */,
				DEA8A80A29AFB52C00CCA53B /* Endpoint.swift */,
				DEA8A80C29AFB5FB00CCA53B /* Errors.swift */,
				DEA8A80E29AFBABD00CCA53B /* HomeManager.swift */,
			);
			path = "Network Manager";
			sourceTree = "<group>";
		};
		DE5AA83529AD4D050036194A = {
			isa = PBXGroup;
			children = (
				DE5AA84029AD4D050036194A /* CryptoApp */,
				DE5AA83F29AD4D050036194A /* Products */,
			);
			sourceTree = "<group>";
		};
		DE5AA83F29AD4D050036194A /* Products */ = {
			isa = PBXGroup;
			children = (
				DE5AA83E29AD4D050036194A /* CryptoApp.app */,
			);
			name = Products;
			sourceTree = "<group>";
		};
		DE5AA84029AD4D050036194A /* CryptoApp */ = {
			isa = PBXGroup;
			children = (
				DE50312429AF684500AFD3FB /* Network Manager */,
				DE50312329AF683900AFD3FB /* Controller */,
				DE50312229AF683500AFD3FB /* View */,
				DE50312129AF682F00AFD3FB /* Model */,
				DE5AA84129AD4D050036194A /* AppDelegate.swift */,
				DE5AA84329AD4D050036194A /* SceneDelegate.swift */,
				DE5AA84729AD4D050036194A /* Main.storyboard */,
				DE5AA84A29AD4D050036194A /* Assets.xcassets */,
				DE5AA84C29AD4D050036194A /* LaunchScreen.storyboard */,
				DE5AA84F29AD4D050036194A /* Info.plist */,
			);
			path = CryptoApp;
			sourceTree = "<group>";
		};
/* End PBXGroup section */

/* Begin PBXNativeTarget section */
		DE5AA83D29AD4D050036194A /* CryptoApp */ = {
			isa = PBXNativeTarget;
			buildConfigurationList = DE5AA85229AD4D050036194A /* Build configuration list for PBXNativeTarget "CryptoApp" */;
			buildPhases = (
				DE5AA83A29AD4D050036194A /* Sources */,
				DE5AA83B29AD4D050036194A /* Frameworks */,
				DE5AA83C29AD4D050036194A /* Resources */,
			);
			buildRules = (
			);
			dependencies = (
			);
			name = CryptoApp;
			packageProductDependencies = (
				DEA8A80629AFAC1F00CCA53B /* Alamofire */,
			);
			productName = CryptoApp;
			productReference = DE5AA83E29AD4D050036194A /* CryptoApp.app */;
			productType = "com.apple.product-type.application";
		};
/* End PBXNativeTarget section */

/* Begin PBXProject section */
		DE5AA83629AD4D050036194A /* Project object */ = {
			isa = PBXProject;
			attributes = {
				BuildIndependentTargetsInParallel = 1;
				LastSwiftUpdateCheck = 1410;
				LastUpgradeCheck = 1410;
				TargetAttributes = {
					DE5AA83D29AD4D050036194A = {
						CreatedOnToolsVersion = 14.1;
					};
				};
			};
			buildConfigurationList = DE5AA83929AD4D050036194A /* Build configuration list for PBXProject "CryptoApp" */;
			compatibilityVersion = "Xcode 14.0";
			developmentRegion = en;
			hasScannedForEncodings = 0;
			knownRegions = (
				en,
				Base,
			);
			mainGroup = DE5AA83529AD4D050036194A;
			packageReferences = (
				DEA8A80529AFAC1F00CCA53B /* XCRemoteSwiftPackageReference "Alamofire" */,
			);
			productRefGroup = DE5AA83F29AD4D050036194A /* Products */;
			projectDirPath = "";
			projectRoot = "";
			targets = (
				DE5AA83D29AD4D050036194A /* CryptoApp */,
			);
		};
/* End PBXProject section */

/* Begin PBXResourcesBuildPhase section */
		DE5AA83C29AD4D050036194A /* Resources */ = {
			isa = PBXResourcesBuildPhase;
			buildActionMask = 2147483647;
			files = (
				DE5AA84E29AD4D050036194A /* LaunchScreen.storyboard in Resources */,
				DE5AA84B29AD4D050036194A /* Assets.xcassets in Resources */,
				DEA8A81529AFDE3A00CCA53B /* CoinCells.xib in Resources */,
				DE5AA84929AD4D050036194A /* Main.storyboard in Resources */,
			);
			runOnlyForDeploymentPostprocessing = 0;
		};
/* End PBXResourcesBuildPhase section */

/* Begin PBXSourcesBuildPhase section */
		DE5AA83A29AD4D050036194A /* Sources */ = {
			isa = PBXSourcesBuildPhase;
			buildActionMask = 2147483647;
			files = (
				DEA8A80F29AFBABD00CCA53B /* HomeManager.swift in Sources */,
				DEA8A80929AFAFFA00CCA53B /* Latest.swift in Sources */,
				DEA8A81429AFDE3A00CCA53B /* CoinCells.swift in Sources */,
				DE5AA84629AD4D050036194A /* MainVC.swift in Sources */,
				DEA8A81129AFDC8F00CCA53B /* Info.swift in Sources */,
				DE5AA84229AD4D050036194A /* AppDelegate.swift in Sources */,
				DE50312629AF685400AFD3FB /* Network.swift in Sources */,
				DEA8A80B29AFB52C00CCA53B /* Endpoint.swift in Sources */,
				DE5AA84429AD4D050036194A /* SceneDelegate.swift in Sources */,
				DEA8A80D29AFB5FB00CCA53B /* Errors.swift in Sources */,
			);
			runOnlyForDeploymentPostprocessing = 0;
		};
/* End PBXSourcesBuildPhase section */

/* Begin PBXVariantGroup section */
		DE5AA84729AD4D050036194A /* Main.storyboard */ = {
			isa = PBXVariantGroup;
			children = (
				DE5AA84829AD4D050036194A /* Base */,
			);
			name = Main.storyboard;
			sourceTree = "<group>";
		};
		DE5AA84C29AD4D050036194A /* LaunchScreen.storyboard */ = {
			isa = PBXVariantGroup;
			children = (
				DE5AA84D29AD4D050036194A /* Base */,
			);
			name = LaunchScreen.storyboard;
			sourceTree = "<group>";
		};
/* End PBXVariantGroup section */

/* Begin XCBuildConfiguration section */
		DE5AA85029AD4D050036194A /* Debug */ = {
			isa = XCBuildConfiguration;
			buildSettings = {
				ALWAYS_SEARCH_USER_PATHS = NO;
				CLANG_ANALYZER_NONNULL = YES;
				CLANG_ANALYZER_NUMBER_OBJECT_CONVERSION = YES_AGGRESSIVE;
				CLANG_CXX_LANGUAGE_STANDARD = "gnu++20";
				CLANG_ENABLE_MODULES = YES;
				CLANG_ENABLE_OBJC_ARC = YES;
				CLANG_ENABLE_OBJC_WEAK = YES;
				CLANG_WARN_BLOCK_CAPTURE_AUTORELEASING = YES;
				CLANG_WARN_BOOL_CONVERSION = YES;
				CLANG_WARN_COMMA = YES;
				CLANG_WARN_CONSTANT_CONVERSION = YES;
				CLANG_WARN_DEPRECATED_OBJC_IMPLEMENTATIONS = YES;
				CLANG_WARN_DIRECT_OBJC_ISA_USAGE = YES_ERROR;
				CLANG_WARN_DOCUMENTATION_COMMENTS = YES;
				CLANG_WARN_EMPTY_BODY = YES;
				CLANG_WARN_ENUM_CONVERSION = YES;
				CLANG_WARN_INFINITE_RECURSION = YES;
				CLANG_WARN_INT_CONVERSION = YES;
				CLANG_WARN_NON_LITERAL_NULL_CONVERSION = YES;
				CLANG_WARN_OBJC_IMPLICIT_RETAIN_SELF = YES;
				CLANG_WARN_OBJC_LITERAL_CONVERSION = YES;
				CLANG_WARN_OBJC_ROOT_CLASS = YES_ERROR;
				CLANG_WARN_QUOTED_INCLUDE_IN_FRAMEWORK_HEADER = YES;
				CLANG_WARN_RANGE_LOOP_ANALYSIS = YES;
				CLANG_WARN_STRICT_PROTOTYPES = YES;
				CLANG_WARN_SUSPICIOUS_MOVE = YES;
				CLANG_WARN_UNGUARDED_AVAILABILITY = YES_AGGRESSIVE;
				CLANG_WARN_UNREACHABLE_CODE = YES;
				CLANG_WARN__DUPLICATE_METHOD_MATCH = YES;
				COPY_PHASE_STRIP = NO;
				DEBUG_INFORMATION_FORMAT = dwarf;
				ENABLE_STRICT_OBJC_MSGSEND = YES;
				ENABLE_TESTABILITY = YES;
				GCC_C_LANGUAGE_STANDARD = gnu11;
				GCC_DYNAMIC_NO_PIC = NO;
				GCC_NO_COMMON_BLOCKS = YES;
				GCC_OPTIMIZATION_LEVEL = 0;
				GCC_PREPROCESSOR_DEFINITIONS = (
					"DEBUG=1",
					"$(inherited)",
				);
				GCC_WARN_64_TO_32_BIT_CONVERSION = YES;
				GCC_WARN_ABOUT_RETURN_TYPE = YES_ERROR;
				GCC_WARN_UNDECLARED_SELECTOR = YES;
				GCC_WARN_UNINITIALIZED_AUTOS = YES_AGGRESSIVE;
				GCC_WARN_UNUSED_FUNCTION = YES;
				GCC_WARN_UNUSED_VARIABLE = YES;
				IPHONEOS_DEPLOYMENT_TARGET = 16.1;
				MTL_ENABLE_DEBUG_INFO = INCLUDE_SOURCE;
				MTL_FAST_MATH = YES;
				ONLY_ACTIVE_ARCH = YES;
				SDKROOT = iphoneos;
				SWIFT_ACTIVE_COMPILATION_CONDITIONS = DEBUG;
				SWIFT_OPTIMIZATION_LEVEL = "-Onone";
			};
			name = Debug;
		};
		DE5AA85129AD4D050036194A /* Release */ = {
			isa = XCBuildConfiguration;
			buildSettings = {
				ALWAYS_SEARCH_USER_PATHS = NO;
				CLANG_ANALYZER_NONNULL = YES;
				CLANG_ANALYZER_NUMBER_OBJECT_CONVERSION = YES_AGGRESSIVE;
				CLANG_CXX_LANGUAGE_STANDARD = "gnu++20";
				CLANG_ENABLE_MODULES = YES;
				CLANG_ENABLE_OBJC_ARC = YES;
				CLANG_ENABLE_OBJC_WEAK = YES;
				CLANG_WARN_BLOCK_CAPTURE_AUTORELEASING = YES;
				CLANG_WARN_BOOL_CONVERSION = YES;
				CLANG_WARN_COMMA = YES;
				CLANG_WARN_CONSTANT_CONVERSION = YES;
				CLANG_WARN_DEPRECATED_OBJC_IMPLEMENTATIONS = YES;
				CLANG_WARN_DIRECT_OBJC_ISA_USAGE = YES_ERROR;
				CLANG_WARN_DOCUMENTATION_COMMENTS = YES;
				CLANG_WARN_EMPTY_BODY = YES;
				CLANG_WARN_ENUM_CONVERSION = YES;
				CLANG_WARN_INFINITE_RECURSION = YES;
				CLANG_WARN_INT_CONVERSION = YES;
				CLANG_WARN_NON_LITERAL_NULL_CONVERSION = YES;
				CLANG_WARN_OBJC_IMPLICIT_RETAIN_SELF = YES;
				CLANG_WARN_OBJC_LITERAL_CONVERSION = YES;
				CLANG_WARN_OBJC_ROOT_CLASS = YES_ERROR;
				CLANG_WARN_QUOTED_INCLUDE_IN_FRAMEWORK_HEADER = YES;
				CLANG_WARN_RANGE_LOOP_ANALYSIS = YES;
				CLANG_WARN_STRICT_PROTOTYPES = YES;
				CLANG_WARN_SUSPICIOUS_MOVE = YES;
				CLANG_WARN_UNGUARDED_AVAILABILITY = YES_AGGRESSIVE;
				CLANG_WARN_UNREACHABLE_CODE = YES;
				CLANG_WARN__DUPLICATE_METHOD_MATCH = YES;
				COPY_PHASE_STRIP = NO;
				DEBUG_INFORMATION_FORMAT = "dwarf-with-dsym";
				ENABLE_NS_ASSERTIONS = NO;
				ENABLE_STRICT_OBJC_MSGSEND = YES;
				GCC_C_LANGUAGE_STANDARD = gnu11;
				GCC_NO_COMMON_BLOCKS = YES;
				GCC_WARN_64_TO_32_BIT_CONVERSION = YES;
				GCC_WARN_ABOUT_RETURN_TYPE = YES_ERROR;
				GCC_WARN_UNDECLARED_SELECTOR = YES;
				GCC_WARN_UNINITIALIZED_AUTOS = YES_AGGRESSIVE;
				GCC_WARN_UNUSED_FUNCTION = YES;
				GCC_WARN_UNUSED_VARIABLE = YES;
				IPHONEOS_DEPLOYMENT_TARGET = 16.1;
				MTL_ENABLE_DEBUG_INFO = NO;
				MTL_FAST_MATH = YES;
				SDKROOT = iphoneos;
				SWIFT_COMPILATION_MODE = wholemodule;
				SWIFT_OPTIMIZATION_LEVEL = "-O";
				VALIDATE_PRODUCT = YES;
			};
			name = Release;
		};
		DE5AA85329AD4D050036194A /* Debug */ = {
			isa = XCBuildConfiguration;
			buildSettings = {
				ASSETCATALOG_COMPILER_APPICON_NAME = AppIcon;
				ASSETCATALOG_COMPILER_GLOBAL_ACCENT_COLOR_NAME = AccentColor;
				CODE_SIGN_STYLE = Automatic;
				CURRENT_PROJECT_VERSION = 1;
				DEVELOPMENT_TEAM = ZY98G8GQD4;
				GENERATE_INFOPLIST_FILE = YES;
				INFOPLIST_FILE = CryptoApp/Info.plist;
				INFOPLIST_KEY_UIApplicationSupportsIndirectInputEvents = YES;
				INFOPLIST_KEY_UILaunchStoryboardName = LaunchScreen;
				INFOPLIST_KEY_UIMainStoryboardFile = Main;
				INFOPLIST_KEY_UISupportedInterfaceOrientations_iPad = "UIInterfaceOrientationPortrait UIInterfaceOrientationPortraitUpsideDown UIInterfaceOrientationLandscapeLeft UIInterfaceOrientationLandscapeRight";
				INFOPLIST_KEY_UISupportedInterfaceOrientations_iPhone = "UIInterfaceOrientationPortrait UIInterfaceOrientationLandscapeLeft UIInterfaceOrientationLandscapeRight";
				LD_RUNPATH_SEARCH_PATHS = (
					"$(inherited)",
					"@executable_path/Frameworks",
				);
				MARKETING_VERSION = 1.0;
				PRODUCT_BUNDLE_IDENTIFIER = com.erkancosar.CryptoApp;
				PRODUCT_NAME = "$(TARGET_NAME)";
				SWIFT_EMIT_LOC_STRINGS = YES;
				SWIFT_VERSION = 5.0;
				TARGETED_DEVICE_FAMILY = "1,2";
			};
			name = Debug;
		};
		DE5AA85429AD4D050036194A /* Release */ = {
			isa = XCBuildConfiguration;
			buildSettings = {
				ASSETCATALOG_COMPILER_APPICON_NAME = AppIcon;
				ASSETCATALOG_COMPILER_GLOBAL_ACCENT_COLOR_NAME = AccentColor;
				CODE_SIGN_STYLE = Automatic;
				CURRENT_PROJECT_VERSION = 1;
				DEVELOPMENT_TEAM = ZY98G8GQD4;
				GENERATE_INFOPLIST_FILE = YES;
				INFOPLIST_FILE = CryptoApp/Info.plist;
				INFOPLIST_KEY_UIApplicationSupportsIndirectInputEvents = YES;
				INFOPLIST_KEY_UILaunchStoryboardName = LaunchScreen;
				INFOPLIST_KEY_UIMainStoryboardFile = Main;
				INFOPLIST_KEY_UISupportedInterfaceOrientations_iPad = "UIInterfaceOrientationPortrait UIInterfaceOrientationPortraitUpsideDown UIInterfaceOrientationLandscapeLeft UIInterfaceOrientationLandscapeRight";
				INFOPLIST_KEY_UISupportedInterfaceOrientations_iPhone = "UIInterfaceOrientationPortrait UIInterfaceOrientationLandscapeLeft UIInterfaceOrientationLandscapeRight";
				LD_RUNPATH_SEARCH_PATHS = (
					"$(inherited)",
					"@executable_path/Frameworks",
				);
				MARKETING_VERSION = 1.0;
				PRODUCT_BUNDLE_IDENTIFIER = com.erkancosar.CryptoApp;
				PRODUCT_NAME = "$(TARGET_NAME)";
				SWIFT_EMIT_LOC_STRINGS = YES;
				SWIFT_VERSION = 5.0;
				TARGETED_DEVICE_FAMILY = "1,2";
			};
			name = Release;
		};
/* End XCBuildConfiguration section */

/* Begin XCConfigurationList section */
		DE5AA83929AD4D050036194A /* Build configuration list for PBXProject "CryptoApp" */ = {
			isa = XCConfigurationList;
			buildConfigurations = (
				DE5AA85029AD4D050036194A /* Debug */,
				DE5AA85129AD4D050036194A /* Release */,
			);
			defaultConfigurationIsVisible = 0;
			defaultConfigurationName = Release;
		};
		DE5AA85229AD4D050036194A /* Build configuration list for PBXNativeTarget "CryptoApp" */ = {
			isa = XCConfigurationList;
			buildConfigurations = (
				DE5AA85329AD4D050036194A /* Debug */,
				DE5AA85429AD4D050036194A /* Release */,
			);
			defaultConfigurationIsVisible = 0;
			defaultConfigurationName = Release;
		};
/* End XCConfigurationList section */

/* Begin XCRemoteSwiftPackageReference section */
		DEA8A80529AFAC1F00CCA53B /* XCRemoteSwiftPackageReference "Alamofire" */ = {
			isa = XCRemoteSwiftPackageReference;
			repositoryURL = "https://github.com/Alamofire/Alamofire";
			requirement = {
				branch = master;
				kind = branch;
			};
		};
/* End XCRemoteSwiftPackageReference section */

/* Begin XCSwiftPackageProductDependency section */
		DEA8A80629AFAC1F00CCA53B /* Alamofire */ = {
			isa = XCSwiftPackageProductDependency;
			package = DEA8A80529AFAC1F00CCA53B /* XCRemoteSwiftPackageReference "Alamofire" */;
			productName = Alamofire;
		};
/* End XCSwiftPackageProductDependency section */
	};
	rootObject = DE5AA83629AD4D050036194A /* Project object */;
}
